
Microsoft Visual Studio Solution File, Format Version 12.00
# Visual Studio Version 17
VisualStudioVersion = 17.8.34330.188
MinimumVisualStudioVersion = 10.0.40219.1
Project("{8BC9CEB8-8B4A-11D0-8D11-00A0C91BC942}") = "10_포인터", "10_포인터.vcxproj", "{DB7C81BF-4862-4400-81FB-1CB5552D3634}"
EndProject
Global
	GlobalSection(SolutionConfigurationPlatforms) = preSolution
		Debug|x64 = Debug|x64
		Debug|x86 = Debug|x86
		Release|x64 = Release|x64
		Release|x86 = Release|x86
	EndGlobalSection
	GlobalSection(ProjectConfigurationPlatforms) = postSolution
		{DB7C81BF-4862-4400-81FB-1CB5552D3634}.Debug|x64.ActiveCfg = Debug|x64
		{DB7C81BF-4862-4400-81FB-1CB5552D3634}.Debug|x64.Build.0 = Debug|x64
		{DB7C81BF-4862-4400-81FB-1CB5552D3634}.Debug|x86.ActiveCfg = Debug|Win32
		{DB7C81BF-4862-4400-81FB-1CB5552D3634}.Debug|x86.Build.0 = Debug|Win32
		{DB7C81BF-4862-4400-81FB-1CB5552D3634}.Release|x64.ActiveCfg = Release|x64
		{DB7C81BF-4862-4400-81FB-1CB5552D3634}.Release|x64.Build.0 = Release|x64
		{DB7C81BF-4862-4400-81FB-1CB5552D3634}.Release|x86.ActiveCfg = Release|Win32
		{DB7C81BF-4862-4400-81FB-1CB5552D3634}.Release|x86.Build.0 = Release|Win32
	EndGlobalSection
	GlobalSection(SolutionProperties) = preSolution
		HideSolutionNode = FALSE
	EndGlobalSection
	GlobalSection(ExtensibilityGlobals) = postSolution
		SolutionGuid = {FD4FD1A5-198D-4BCD-9795-DA7E49AF4B10}
	EndGlobalSection
EndGlobal
